
Microsoft Visual Studio Solution File, Format Version 12.00
# Visual Studio 15
VisualStudioVersion = 15.0.26730.12
MinimumVisualStudioVersion = 10.0.40219.1
Project("{9A19103F-16F7-4668-BE54-9A1E7A4F7556}") = "AutoAd.Api", "src\AutoAd.Api\AutoAd.Api.csproj", "{6ABF4E01-E782-442C-9FB4-BD8AA7B5FE29}"
EndProject
Project("{FAE04EC0-301F-11D3-BF4B-00C04F79EFBC}") = "AutoAd.AspNetCore", "src\AutoAd.AspNetCore\AutoAd.AspNetCore.csproj", "{01309215-90B4-4F21-A26D-2E29E7BBFADE}"
EndProject
Global
	GlobalSection(SolutionConfigurationPlatforms) = preSolution
		Debug|Any CPU = Debug|Any CPU
		Release|Any CPU = Release|Any CPU
	EndGlobalSection
	GlobalSection(ProjectConfigurationPlatforms) = postSolution
		{6ABF4E01-E782-442C-9FB4-BD8AA7B5FE29}.Debug|Any CPU.ActiveCfg = Debug|Any CPU
		{6ABF4E01-E782-442C-9FB4-BD8AA7B5FE29}.Debug|Any CPU.Build.0 = Debug|Any CPU
		{6ABF4E01-E782-442C-9FB4-BD8AA7B5FE29}.Release|Any CPU.ActiveCfg = Release|Any CPU
		{6ABF4E01-E782-442C-9FB4-BD8AA7B5FE29}.Release|Any CPU.Build.0 = Release|Any CPU
		{01309215-90B4-4F21-A26D-2E29E7BBFADE}.Debug|Any CPU.ActiveCfg = Debug|Any CPU
		{01309215-90B4-4F21-A26D-2E29E7BBFADE}.Debug|Any CPU.Build.0 = Debug|Any CPU
		{01309215-90B4-4F21-A26D-2E29E7BBFADE}.Release|Any CPU.ActiveCfg = Release|Any CPU
		{01309215-90B4-4F21-A26D-2E29E7BBFADE}.Release|Any CPU.Build.0 = Release|Any CPU
	EndGlobalSection
	GlobalSection(SolutionProperties) = preSolution
		HideSolutionNode = FALSE
	EndGlobalSection
	GlobalSection(ExtensibilityGlobals) = postSolution
		SolutionGuid = {A367F20C-ADBA-4B43-AEC9-FECA409BD833}
	EndGlobalSection
EndGlobal
